// !$*UTF8*$!
{
	archiveVersion = 1;
	classes = {
	};
	objectVersion = 77;
	objects = {

/* Begin PBXContainerItemProxy section */
		5457443A2D14B9270076890C /* PBXContainerItemProxy */ = {
			isa = PBXContainerItemProxy;
			containerPortal = 5457441B2D14B9250076890C /* Project object */;
			proxyType = 1;
			remoteGlobalIDString = 545744222D14B9250076890C;
			remoteInfo = "Assessment IOS Developer";
		};
		545744442D14B9270076890C /* PBXContainerItemProxy */ = {
			isa = PBXContainerItemProxy;
			containerPortal = 5457441B2D14B9250076890C /* Project object */;
			proxyType = 1;
			remoteGlobalIDString = 545744222D14B9250076890C;
			remoteInfo = "Assessment IOS Developer";
		};
/* End PBXContainerItemProxy section */

/* Begin PBXFileReference section */
		545744232D14B9250076890C /* Assessment IOS Developer.app */ = {isa = PBXFileReference; explicitFileType = wrapper.application; includeInIndex = 0; path = "Assessment IOS Developer.app"; sourceTree = BUILT_PRODUCTS_DIR; };
		545744392D14B9270076890C /* Assessment IOS DeveloperTests.xctest */ = {isa = PBXFileReference; explicitFileType = wrapper.cfbundle; includeInIndex = 0; path = "Assessment IOS DeveloperTests.xctest"; sourceTree = BUILT_PRODUCTS_DIR; };
		545744432D14B9270076890C /* Assessment IOS DeveloperUITests.xctest */ = {isa = PBXFileReference; explicitFileType = wrapper.cfbundle; includeInIndex = 0; path = "Assessment IOS DeveloperUITests.xctest"; sourceTree = BUILT_PRODUCTS_DIR; };
/* End PBXFileReference section */

/* Begin PBXFileSystemSynchronizedBuildFileExceptionSet section */
		5457444B2D14B9270076890C /* Exceptions for "Assessment IOS Developer" folder in "Assessment IOS Developer" target */ = {
			isa = PBXFileSystemSynchronizedBuildFileExceptionSet;
			membershipExceptions = (
				Info.plist,
			);
			target = 545744222D14B9250076890C /* Assessment IOS Developer */;
		};
/* End PBXFileSystemSynchronizedBuildFileExceptionSet section */

/* Begin PBXFileSystemSynchronizedRootGroup section */
		545744252D14B9250076890C /* Assessment IOS Developer */ = {
			isa = PBXFileSystemSynchronizedRootGroup;
			exceptions = (
				5457444B2D14B9270076890C /* Exceptions for "Assessment IOS Developer" folder in "Assessment IOS Developer" target */,
			);
			path = "Assessment IOS Developer";
			sourceTree = "<group>";
		};
		5457443C2D14B9270076890C /* Assessment IOS DeveloperTests */ = {
			isa = PBXFileSystemSynchronizedRootGroup;
			path = "Assessment IOS DeveloperTests";
			sourceTree = "<group>";
		};
		545744462D14B9270076890C /* Assessment IOS DeveloperUITests */ = {
			isa = PBXFileSystemSynchronizedRootGroup;
			path = "Assessment IOS DeveloperUITests";
			sourceTree = "<group>";
		};
/* End PBXFileSystemSynchronizedRootGroup section */

/* Begin PBXFrameworksBuildPhase section */
		545744202D14B9250076890C /* Frameworks */ = {
			isa = PBXFrameworksBuildPhase;
			buildActionMask = 2147483647;
			files = (
			);
			runOnlyForDeploymentPostprocessing = 0;
		};
		545744362D14B9270076890C /* Frameworks */ = {
			isa = PBXFrameworksBuildPhase;
			buildActionMask = 2147483647;
			files = (
			);
			runOnlyForDeploymentPostprocessing = 0;
		};
		545744402D14B9270076890C /* Frameworks */ = {
			isa = PBXFrameworksBuildPhase;
			buildActionMask = 2147483647;
			files = (
			);
			runOnlyForDeploymentPostprocessing = 0;
		};
/* End PBXFrameworksBuildPhase section */

/* Begin PBXGroup section */
		5457441A2D14B9250076890C = {
			isa = PBXGroup;
			children = (
				545744252D14B9250076890C /* Assessment IOS Developer */,
				5457443C2D14B9270076890C /* Assessment IOS DeveloperTests */,
				545744462D14B9270076890C /* Assessment IOS DeveloperUITests */,
				545744242D14B9250076890C /* Products */,
			);
			sourceTree = "<group>";
		};
		545744242D14B9250076890C /* Products */ = {
			isa = PBXGroup;
			children = (
				545744232D14B9250076890C /* Assessment IOS Developer.app */,
				545744392D14B9270076890C /* Assessment IOS DeveloperTests.xctest */,
				545744432D14B9270076890C /* Assessment IOS DeveloperUITests.xctest */,
			);
			name = Products;
			sourceTree = "<group>";
		};
/* End PBXGroup section */

/* Begin PBXNativeTarget section */
		545744222D14B9250076890C /* Assessment IOS Developer */ = {
			isa = PBXNativeTarget;
			buildConfigurationList = 5457444C2D14B9270076890C /* Build configuration list for PBXNativeTarget "Assessment IOS Developer" */;
			buildPhases = (
				5457441F2D14B9250076890C /* Sources */,
				545744202D14B9250076890C /* Frameworks */,
				545744212D14B9250076890C /* Resources */,
			);
			buildRules = (
			);
			dependencies = (
			);
			fileSystemSynchronizedGroups = (
				545744252D14B9250076890C /* Assessment IOS Developer */,
			);
			name = "Assessment IOS Developer";
			packageProductDependencies = (
			);
			productName = "Assessment IOS Developer";
			productReference = 545744232D14B9250076890C /* Assessment IOS Developer.app */;
			productType = "com.apple.product-type.application";
		};
		545744382D14B9270076890C /* Assessment IOS DeveloperTests */ = {
			isa = PBXNativeTarget;
			buildConfigurationList = 545744512D14B9270076890C /* Build configuration list for PBXNativeTarget "Assessment IOS DeveloperTests" */;
			buildPhases = (
				545744352D14B9270076890C /* Sources */,
				545744362D14B9270076890C /* Frameworks */,
				545744372D14B9270076890C /* Resources */,
			);
			buildRules = (
			);
			dependencies = (
				5457443B2D14B9270076890C /* PBXTargetDependency */,
			);
			fileSystemSynchronizedGroups = (
				5457443C2D14B9270076890C /* Assessment IOS DeveloperTests */,
			);
			name = "Assessment IOS DeveloperTests";
			packageProductDependencies = (
			);
			productName = "Assessment IOS DeveloperTests";
			productReference = 545744392D14B9270076890C /* Assessment IOS DeveloperTests.xctest */;
			productType = "com.apple.product-type.bundle.unit-test";
		};
		545744422D14B9270076890C /* Assessment IOS DeveloperUITests */ = {
			isa = PBXNativeTarget;
			buildConfigurationList = 545744542D14B9270076890C /* Build configuration list for PBXNativeTarget "Assessment IOS DeveloperUITests" */;
			buildPhases = (
				5457443F2D14B9270076890C /* Sources */,
				545744402D14B9270076890C /* Frameworks */,
				545744412D14B9270076890C /* Resources */,
			);
			buildRules = (
			);
			dependencies = (
				545744452D14B9270076890C /* PBXTargetDependency */,
			);
			fileSystemSynchronizedGroups = (
				545744462D14B9270076890C /* Assessment IOS DeveloperUITests */,
			);
			name = "Assessment IOS DeveloperUITests";
			packageProductDependencies = (
			);
			productName = "Assessment IOS DeveloperUITests";
			productReference = 545744432D14B9270076890C /* Assessment IOS DeveloperUITests.xctest */;
			productType = "com.apple.product-type.bundle.ui-testing";
		};
/* End PBXNativeTarget section */

/* Begin PBXProject section */
		5457441B2D14B9250076890C /* Project object */ = {
			isa = PBXProject;
			attributes = {
				BuildIndependentTargetsInParallel = 1;
				LastSwiftUpdateCheck = 1620;
				LastUpgradeCheck = 1620;
				TargetAttributes = {
					545744222D14B9250076890C = {
						CreatedOnToolsVersion = 16.2;
					};
					545744382D14B9270076890C = {
						CreatedOnToolsVersion = 16.2;
						TestTargetID = 545744222D14B9250076890C;
					};
					545744422D14B9270076890C = {
						CreatedOnToolsVersion = 16.2;
						TestTargetID = 545744222D14B9250076890C;
					};
				};
			};
			buildConfigurationList = 5457441E2D14B9250076890C /* Build configuration list for PBXProject "Assessment IOS Developer" */;
			developmentRegion = en;
			hasScannedForEncodings = 0;
			knownRegions = (
				en,
				Base,
			);
			mainGroup = 5457441A2D14B9250076890C;
			minimizedProjectReferenceProxies = 1;
			preferredProjectObjectVersion = 77;
			productRefGroup = 545744242D14B9250076890C /* Products */;
			projectDirPath = "";
			projectRoot = "";
			targets = (
				545744222D14B9250076890C /* Assessment IOS Developer */,
				545744382D14B9270076890C /* Assessment IOS DeveloperTests */,
				545744422D14B9270076890C /* Assessment IOS DeveloperUITests */,
			);
		};
/* End PBXProject section */

/* Begin PBXResourcesBuildPhase section */
		545744212D14B9250076890C /* Resources */ = {
			isa = PBXResourcesBuildPhase;
			buildActionMask = 2147483647;
			files = (
			);
			runOnlyForDeploymentPostprocessing = 0;
		};
		545744372D14B9270076890C /* Resources */ = {
			isa = PBXResourcesBuildPhase;
			buildActionMask = 2147483647;
			files = (
			);
			runOnlyForDeploymentPostprocessing = 0;
		};
		545744412D14B9270076890C /* Resources */ = {
			isa = PBXResourcesBuildPhase;
			buildActionMask = 2147483647;
			files = (
			);
			runOnlyForDeploymentPostprocessing = 0;
		};
/* End PBXResourcesBuildPhase section */

/* Begin PBXSourcesBuildPhase section */
		5457441F2D14B9250076890C /* Sources */ = {
			isa = PBXSourcesBuildPhase;
			buildActionMask = 2147483647;
			files = (
			);
			runOnlyForDeploymentPostprocessing = 0;
		};
		545744352D14B9270076890C /* Sources */ = {
			isa = PBXSourcesBuildPhase;
			buildActionMask = 2147483647;
			files = (
			);
			runOnlyForDeploymentPostprocessing = 0;
		};
		5457443F2D14B9270076890C /* Sources */ = {
			isa = PBXSourcesBuildPhase;
			buildActionMask = 2147483647;
			files = (
			);
			runOnlyForDeploymentPostprocessing = 0;
		};
/* End PBXSourcesBuildPhase section */

/* Begin PBXTargetDependency section */
		5457443B2D14B9270076890C /* PBXTargetDependency */ = {
			isa = PBXTargetDependency;
			target = 545744222D14B9250076890C /* Assessment IOS Developer */;
			targetProxy = 5457443A2D14B9270076890C /* PBXContainerItemProxy */;
		};
		545744452D14B9270076890C /* PBXTargetDependency */ = {
			isa = PBXTargetDependency;
			target = 545744222D14B9250076890C /* Assessment IOS Developer */;
			targetProxy = 545744442D14B9270076890C /* PBXContainerItemProxy */;
		};
/* End PBXTargetDependency section */

/* Begin XCBuildConfiguration section */
		5457444D2D14B9270076890C /* Debug */ = {
			isa = XCBuildConfiguration;
			buildSettings = {
				ASSETCATALOG_COMPILER_APPICON_NAME = AppIcon;
				ASSETCATALOG_COMPILER_GLOBAL_ACCENT_COLOR_NAME = AccentColor;
				CODE_SIGN_STYLE = Automatic;
				CURRENT_PROJECT_VERSION = 1;
				GENERATE_INFOPLIST_FILE = YES;
				INFOPLIST_FILE = "Assessment IOS Developer/Info.plist";
				INFOPLIST_KEY_UIApplicationSupportsIndirectInputEvents = YES;
				INFOPLIST_KEY_UILaunchStoryboardName = LaunchScreen;
				INFOPLIST_KEY_UIMainStoryboardFile = Main;
				INFOPLIST_KEY_UISupportedInterfaceOrientations_iPad = "UIInterfaceOrientationPortrait UIInterfaceOrientationPortraitUpsideDown UIInterfaceOrientationLandscapeLeft UIInterfaceOrientationLandscapeRight";
				INFOPLIST_KEY_UISupportedInterfaceOrientations_iPhone = "UIInterfaceOrientationPortrait UIInterfaceOrientationLandscapeLeft UIInterfaceOrientationLandscapeRight";
				LD_RUNPATH_SEARCH_PATHS = (
					"$(inherited)",
					"@executable_path/Frameworks",
				);
				MARKETING_VERSION = 1.0;
				PRODUCT_BUNDLE_IDENTIFIER = "com.test.app.Assessment-IOS-Developer";
				PRODUCT_NAME = "$(TARGET_NAME)";
				SWIFT_EMIT_LOC_STRINGS = YES;
				SWIFT_VERSION = 5.0;
				TARGETED_DEVICE_FAMILY = "1,2";
			};
			name = Debug;
		};
		5457444E2D14B9270076890C /* Release */ = {
			isa = XCBuildConfiguration;
			buildSettings = {
				ASSETCATALOG_COMPILER_APPICON_NAME = AppIcon;
				ASSETCATALOG_COMPILER_GLOBAL_ACCENT_COLOR_NAME = AccentColor;
				CODE_SIGN_STYLE = Automatic;
				CURRENT_PROJECT_VERSION = 1;
				GENERATE_INFOPLIST_FILE = YES;
				INFOPLIST_FILE = "Assessment IOS Developer/Info.plist";
				INFOPLIST_KEY_UIApplicationSupportsIndirectInputEvents = YES;
				INFOPLIST_KEY_UILaunchStoryboardName = LaunchScreen;
				INFOPLIST_KEY_UIMainStoryboardFile = Main;
				INFOPLIST_KEY_UISupportedInterfaceOrientations_iPad = "UIInterfaceOrientationPortrait UIInterfaceOrientationPortraitUpsideDown UIInterfaceOrientationLandscapeLeft UIInterfaceOrientationLandscapeRight";
				INFOPLIST_KEY_UISupportedInterfaceOrientations_iPhone = "UIInterfaceOrientationPortrait UIInterfaceOrientationLandscapeLeft UIInterfaceOrientationLandscapeRight";
				LD_RUNPATH_SEARCH_PATHS = (
					"$(inherited)",
					"@executable_path/Frameworks",
				);
				MARKETING_VERSION = 1.0;
				PRODUCT_BUNDLE_IDENTIFIER = "com.test.app.Assessment-IOS-Developer";
				PRODUCT_NAME = "$(TARGET_NAME)";
				SWIFT_EMIT_LOC_STRINGS = YES;
				SWIFT_VERSION = 5.0;
				TARGETED_DEVICE_FAMILY = "1,2";
			};
			name = Release;
		};
		5457444F2D14B9270076890C /* Debug */ = {
			isa = XCBuildConfiguration;
			buildSettings = {
				ALWAYS_SEARCH_USER_PATHS = NO;
				ASSETCATALOG_COMPILER_GENERATE_SWIFT_ASSET_SYMBOL_EXTENSIONS = YES;
				CLANG_ANALYZER_NONNULL = YES;
				CLANG_ANALYZER_NUMBER_OBJECT_CONVERSION = YES_AGGRESSIVE;
				CLANG_CXX_LANGUAGE_STANDARD = "gnu++20";
				CLANG_ENABLE_MODULES = YES;
				CLANG_ENABLE_OBJC_ARC = YES;
				CLANG_ENABLE_OBJC_WEAK = YES;
				CLANG_WARN_BLOCK_CAPTURE_AUTORELEASING = YES;
				CLANG_WARN_BOOL_CONVERSION = YES;
				CLANG_WARN_COMMA = YES;
				CLANG_WARN_CONSTANT_CONVERSION = YES;
				CLANG_WARN_DEPRECATED_OBJC_IMPLEMENTATIONS = YES;
				CLANG_WARN_DIRECT_OBJC_ISA_USAGE = YES_ERROR;
				CLANG_WARN_DOCUMENTATION_COMMENTS = YES;
				CLANG_WARN_EMPTY_BODY = YES;
				CLANG_WARN_ENUM_CONVERSION = YES;
				CLANG_WARN_INFINITE_RECURSION = YES;
				CLANG_WARN_INT_CONVERSION = YES;
				CLANG_WARN_NON_LITERAL_NULL_CONVERSION = YES;
				CLANG_WARN_OBJC_IMPLICIT_RETAIN_SELF = YES;
				CLANG_WARN_OBJC_LITERAL_CONVERSION = YES;
				CLANG_WARN_OBJC_ROOT_CLASS = YES_ERROR;
				CLANG_WARN_QUOTED_INCLUDE_IN_FRAMEWORK_HEADER = YES;
				CLANG_WARN_RANGE_LOOP_ANALYSIS = YES;
				CLANG_WARN_STRICT_PROTOTYPES = YES;
				CLANG_WARN_SUSPICIOUS_MOVE = YES;
				CLANG_WARN_UNGUARDED_AVAILABILITY = YES_AGGRESSIVE;
				CLANG_WARN_UNREACHABLE_CODE = YES;
				CLANG_WARN__DUPLICATE_METHOD_MATCH = YES;
				COPY_PHASE_STRIP = NO;
				DEBUG_INFORMATION_FORMAT = dwarf;
				ENABLE_STRICT_OBJC_MSGSEND = YES;
				ENABLE_TESTABILITY = YES;
				ENABLE_USER_SCRIPT_SANDBOXING = YES;
				GCC_C_LANGUAGE_STANDARD = gnu17;
				GCC_DYNAMIC_NO_PIC = NO;
				GCC_NO_COMMON_BLOCKS = YES;
				GCC_OPTIMIZATION_LEVEL = 0;
				GCC_PREPROCESSOR_DEFINITIONS = (
					"DEBUG=1",
					"$(inherited)",
				);
				GCC_WARN_64_TO_32_BIT_CONVERSION = YES;
				GCC_WARN_ABOUT_RETURN_TYPE = YES_ERROR;
				GCC_WARN_UNDECLARED_SELECTOR = YES;
				GCC_WARN_UNINITIALIZED_AUTOS = YES_AGGRESSIVE;
				GCC_WARN_UNUSED_FUNCTION = YES;
				GCC_WARN_UNUSED_VARIABLE = YES;
				IPHONEOS_DEPLOYMENT_TARGET = 18.2;
				LOCALIZATION_PREFERS_STRING_CATALOGS = YES;
				MTL_ENABLE_DEBUG_INFO = INCLUDE_SOURCE;
				MTL_FAST_MATH = YES;
				ONLY_ACTIVE_ARCH = YES;
				SDKROOT = iphoneos;
				SWIFT_ACTIVE_COMPILATION_CONDITIONS = "DEBUG $(inherited)";
				SWIFT_OPTIMIZATION_LEVEL = "-Onone";
			};
			name = Debug;
		};
		545744502D14B9270076890C /* Release */ = {
			isa = XCBuildConfiguration;
			buildSettings = {
				ALWAYS_SEARCH_USER_PATHS = NO;
				ASSETCATALOG_COMPILER_GENERATE_SWIFT_ASSET_SYMBOL_EXTENSIONS = YES;
				CLANG_ANALYZER_NONNULL = YES;
				CLANG_ANALYZER_NUMBER_OBJECT_CONVERSION = YES_AGGRESSIVE;
				CLANG_CXX_LANGUAGE_STANDARD = "gnu++20";
				CLANG_ENABLE_MODULES = YES;
				CLANG_ENABLE_OBJC_ARC = YES;
				CLANG_ENABLE_OBJC_WEAK = YES;
				CLANG_WARN_BLOCK_CAPTURE_AUTORELEASING = YES;
				CLANG_WARN_BOOL_CONVERSION = YES;
				CLANG_WARN_COMMA = YES;
				CLANG_WARN_CONSTANT_CONVERSION = YES;
				CLANG_WARN_DEPRECATED_OBJC_IMPLEMENTATIONS = YES;
				CLANG_WARN_DIRECT_OBJC_ISA_USAGE = YES_ERROR;
				CLANG_WARN_DOCUMENTATION_COMMENTS = YES;
				CLANG_WARN_EMPTY_BODY = YES;
				CLANG_WARN_ENUM_CONVERSION = YES;
				CLANG_WARN_INFINITE_RECURSION = YES;
				CLANG_WARN_INT_CONVERSION = YES;
				CLANG_WARN_NON_LITERAL_NULL_CONVERSION = YES;
				CLANG_WARN_OBJC_IMPLICIT_RETAIN_SELF = YES;
				CLANG_WARN_OBJC_LITERAL_CONVERSION = YES;
				CLANG_WARN_OBJC_ROOT_CLASS = YES_ERROR;
				CLANG_WARN_QUOTED_INCLUDE_IN_FRAMEWORK_HEADER = YES;
				CLANG_WARN_RANGE_LOOP_ANALYSIS = YES;
				CLANG_WARN_STRICT_PROTOTYPES = YES;
				CLANG_WARN_SUSPICIOUS_MOVE = YES;
				CLANG_WARN_UNGUARDED_AVAILABILITY = YES_AGGRESSIVE;
				CLANG_WARN_UNREACHABLE_CODE = YES;
				CLANG_WARN__DUPLICATE_METHOD_MATCH = YES;
				COPY_PHASE_STRIP = NO;
				DEBUG_INFORMATION_FORMAT = "dwarf-with-dsym";
				ENABLE_NS_ASSERTIONS = NO;
				ENABLE_STRICT_OBJC_MSGSEND = YES;
				ENABLE_USER_SCRIPT_SANDBOXING = YES;
				GCC_C_LANGUAGE_STANDARD = gnu17;
				GCC_NO_COMMON_BLOCKS = YES;
				GCC_WARN_64_TO_32_BIT_CONVERSION = YES;
				GCC_WARN_ABOUT_RETURN_TYPE = YES_ERROR;
				GCC_WARN_UNDECLARED_SELECTOR = YES;
				GCC_WARN_UNINITIALIZED_AUTOS = YES_AGGRESSIVE;
				GCC_WARN_UNUSED_FUNCTION = YES;
				GCC_WARN_UNUSED_VARIABLE = YES;
				IPHONEOS_DEPLOYMENT_TARGET = 18.2;
				LOCALIZATION_PREFERS_STRING_CATALOGS = YES;
				MTL_ENABLE_DEBUG_INFO = NO;
				MTL_FAST_MATH = YES;
				SDKROOT = iphoneos;
				SWIFT_COMPILATION_MODE = wholemodule;
				VALIDATE_PRODUCT = YES;
			};
			name = Release;
		};
		545744522D14B9270076890C /* Debug */ = {
			isa = XCBuildConfiguration;
			buildSettings = {
				BUNDLE_LOADER = "$(TEST_HOST)";
				CODE_SIGN_STYLE = Automatic;
				CURRENT_PROJECT_VERSION = 1;
				GENERATE_INFOPLIST_FILE = YES;
				IPHONEOS_DEPLOYMENT_TARGET = 18.2;
				MARKETING_VERSION = 1.0;
				PRODUCT_BUNDLE_IDENTIFIER = "com.test.app.Assessment-IOS-DeveloperTests";
				PRODUCT_NAME = "$(TARGET_NAME)";
				SWIFT_EMIT_LOC_STRINGS = NO;
				SWIFT_VERSION = 5.0;
				TARGETED_DEVICE_FAMILY = "1,2";
				TEST_HOST = "$(BUILT_PRODUCTS_DIR)/Assessment IOS Developer.app/$(BUNDLE_EXECUTABLE_FOLDER_PATH)/Assessment IOS Developer";
			};
			name = Debug;
		};
		545744532D14B9270076890C /* Release */ = {
			isa = XCBuildConfiguration;
			buildSettings = {
				BUNDLE_LOADER = "$(TEST_HOST)";
				CODE_SIGN_STYLE = Automatic;
				CURRENT_PROJECT_VERSION = 1;
				GENERATE_INFOPLIST_FILE = YES;
				IPHONEOS_DEPLOYMENT_TARGET = 18.2;
				MARKETING_VERSION = 1.0;
				PRODUCT_BUNDLE_IDENTIFIER = "com.test.app.Assessment-IOS-DeveloperTests";
				PRODUCT_NAME = "$(TARGET_NAME)";
				SWIFT_EMIT_LOC_STRINGS = NO;
				SWIFT_VERSION = 5.0;
				TARGETED_DEVICE_FAMILY = "1,2";
				TEST_HOST = "$(BUILT_PRODUCTS_DIR)/Assessment IOS Developer.app/$(BUNDLE_EXECUTABLE_FOLDER_PATH)/Assessment IOS Developer";
			};
			name = Release;
		};
		545744552D14B9270076890C /* Debug */ = {
			isa = XCBuildConfiguration;
			buildSettings = {
				CODE_SIGN_STYLE = Automatic;
				CURRENT_PROJECT_VERSION = 1;
				GENERATE_INFOPLIST_FILE = YES;
				MARKETING_VERSION = 1.0;
				PRODUCT_BUNDLE_IDENTIFIER = "com.test.app.Assessment-IOS-DeveloperUITests";
				PRODUCT_NAME = "$(TARGET_NAME)";
				SWIFT_EMIT_LOC_STRINGS = NO;
				SWIFT_VERSION = 5.0;
				TARGETED_DEVICE_FAMILY = "1,2";
				TEST_TARGET_NAME = "Assessment IOS Developer";
			};
			name = Debug;
		};
		545744562D14B9270076890C /* Release */ = {
			isa = XCBuildConfiguration;
			buildSettings = {
				CODE_SIGN_STYLE = Automatic;
				CURRENT_PROJECT_VERSION = 1;
				GENERATE_INFOPLIST_FILE = YES;
				MARKETING_VERSION = 1.0;
				PRODUCT_BUNDLE_IDENTIFIER = "com.test.app.Assessment-IOS-DeveloperUITests";
				PRODUCT_NAME = "$(TARGET_NAME)";
				SWIFT_EMIT_LOC_STRINGS = NO;
				SWIFT_VERSION = 5.0;
				TARGETED_DEVICE_FAMILY = "1,2";
				TEST_TARGET_NAME = "Assessment IOS Developer";
			};
			name = Release;
		};
/* End XCBuildConfiguration section */

/* Begin XCConfigurationList section */
		5457441E2D14B9250076890C /* Build configuration list for PBXProject "Assessment IOS Developer" */ = {
			isa = XCConfigurationList;
			buildConfigurations = (
				5457444F2D14B9270076890C /* Debug */,
				545744502D14B9270076890C /* Release */,
			);
			defaultConfigurationIsVisible = 0;
			defaultConfigurationName = Release;
		};
		5457444C2D14B9270076890C /* Build configuration list for PBXNativeTarget "Assessment IOS Developer" */ = {
			isa = XCConfigurationList;
			buildConfigurations = (
				5457444D2D14B9270076890C /* Debug */,
				5457444E2D14B9270076890C /* Release */,
			);
			defaultConfigurationIsVisible = 0;
			defaultConfigurationName = Release;
		};
		545744512D14B9270076890C /* Build configuration list for PBXNativeTarget "Assessment IOS DeveloperTests" */ = {
			isa = XCConfigurationList;
			buildConfigurations = (
				545744522D14B9270076890C /* Debug */,
				545744532D14B9270076890C /* Release */,
			);
			defaultConfigurationIsVisible = 0;
			defaultConfigurationName = Release;
		};
		545744542D14B9270076890C /* Build configuration list for PBXNativeTarget "Assessment IOS DeveloperUITests" */ = {
			isa = XCConfigurationList;
			buildConfigurations = (
				545744552D14B9270076890C /* Debug */,
				545744562D14B9270076890C /* Release */,
			);
			defaultConfigurationIsVisible = 0;
			defaultConfigurationName = Release;
		};
/* End XCConfigurationList section */
	};
	rootObject = 5457441B2D14B9250076890C /* Project object */;
}
